
Microsoft Visual Studio Solution File, Format Version 12.00
# Visual Studio Version 17
VisualStudioVersion = 17.5.33516.290
MinimumVisualStudioVersion = 10.0.40219.1
Project("{FAE04EC0-301F-11D3-BF4B-00C04F79EFBC}") = "LoginForm", "LoginForm\LoginForm.csproj", "{D78C9B60-6669-492A-96AE-754F07753805}"
EndProject
Global
	GlobalSection(SolutionConfigurationPlatforms) = preSolution
		Debug|Any CPU = Debug|Any CPU
		Release|Any CPU = Release|Any CPU
	EndGlobalSection
	GlobalSection(ProjectConfigurationPlatforms) = postSolution
		{D78C9B60-6669-492A-96AE-754F07753805}.Debug|Any CPU.ActiveCfg = Debug|Any CPU
		{D78C9B60-6669-492A-96AE-754F07753805}.Debug|Any CPU.Build.0 = Debug|Any CPU
		{D78C9B60-6669-492A-96AE-754F07753805}.Release|Any CPU.ActiveCfg = Release|Any CPU
		{D78C9B60-6669-492A-96AE-754F07753805}.Release|Any CPU.Build.0 = Release|Any CPU
	EndGlobalSection
	GlobalSection(SolutionProperties) = preSolution
		HideSolutionNode = FALSE
	EndGlobalSection
	GlobalSection(ExtensibilityGlobals) = postSolution
		SolutionGuid = {46626B34-99DF-4AA2-B186-74EAFD48F5EB}
	EndGlobalSection
EndGlobal
